
Microsoft Visual Studio Solution File, Format Version 12.00
# Visual Studio Version 16
VisualStudioVersion = 16.0.31515.178
MinimumVisualStudioVersion = 10.0.40219.1
Project("{2150E333-8FDC-42A3-9474-1A3956D46DE8}") = "Source", "Source", "{C3F9920A-D6B7-49C6-B422-710DB902DA50}"
EndProject
Project("{2150E333-8FDC-42A3-9474-1A3956D46DE8}") = "Core", "Core", "{B963EF61-BC87-447E-A5E0-6BA9CD857DBA}"
EndProject
Project("{2150E333-8FDC-42A3-9474-1A3956D46DE8}") = "Infrastructure", "Infrastructure", "{C6FDEB19-7826-47C6-A272-A6F6FE50FC6E}"
EndProject
Project("{2150E333-8FDC-42A3-9474-1A3956D46DE8}") = "UI", "UI", "{1B7A406B-E89C-461C-93EB-C1D4366BE73D}"
EndProject
Project("{9A19103F-16F7-4668-BE54-9A1E7A4F7556}") = "HBS.Domain", "HBS.Domain\HBS.Domain.csproj", "{A02A45FB-AAA1-474F-B9E0-12E1BC913E4C}"
EndProject
Project("{9A19103F-16F7-4668-BE54-9A1E7A4F7556}") = "HBS.Application", "HBS.Application\HBS.Application.csproj", "{E449E277-D01D-4275-8B0B-E9C3AB12A2B7}"
EndProject
Project("{9A19103F-16F7-4668-BE54-9A1E7A4F7556}") = "HBS.Persistence", "HBS.Persistence\HBS.Persistence.csproj", "{D3EA7CE2-00DB-4F78-8901-1A97BA258EF2}"
EndProject
Project("{2150E333-8FDC-42A3-9474-1A3956D46DE8}") = "WebAPI", "WebAPI", "{3BB49516-F980-4C2B-BF90-F60C9124D2F7}"
EndProject
Project("{9A19103F-16F7-4668-BE54-9A1E7A4F7556}") = "HBS.APIs", "HBS.APIs\HBS.APIs.csproj", "{30D3C7F1-2A0D-4FF2-8DAF-8E9AB9719EFF}"
EndProject
Project("{2150E333-8FDC-42A3-9474-1A3956D46DE8}") = "FrontEnd", "FrontEnd", "{2A08F9B2-8589-4B71-805E-FAF2916EB088}"
EndProject
Project("{9A19103F-16F7-4668-BE54-9A1E7A4F7556}") = "HBS.Client", "HBS.Client\HBS.Client.csproj", "{177AF0F6-7F7B-4B29-A927-96D12BED92CF}"
EndProject
Project("{9A19103F-16F7-4668-BE54-9A1E7A4F7556}") = "HBS.Identity", "HBS.Identity\HBS.Identity.csproj", "{3007E736-6512-4ACF-BCAF-8DC1A710961C}"
EndProject
Project("{9A19103F-16F7-4668-BE54-9A1E7A4F7556}") = "HBS.Shared", "HBS.Shared\HBS.Shared.csproj", "{B979D3AE-32D7-46BF-B3D8-1109FCD87A91}"
EndProject
Global
	GlobalSection(SolutionConfigurationPlatforms) = preSolution
		Debug|Any CPU = Debug|Any CPU
		Release|Any CPU = Release|Any CPU
	EndGlobalSection
	GlobalSection(ProjectConfigurationPlatforms) = postSolution
		{A02A45FB-AAA1-474F-B9E0-12E1BC913E4C}.Debug|Any CPU.ActiveCfg = Debug|Any CPU
		{A02A45FB-AAA1-474F-B9E0-12E1BC913E4C}.Debug|Any CPU.Build.0 = Debug|Any CPU
		{A02A45FB-AAA1-474F-B9E0-12E1BC913E4C}.Release|Any CPU.ActiveCfg = Release|Any CPU
		{A02A45FB-AAA1-474F-B9E0-12E1BC913E4C}.Release|Any CPU.Build.0 = Release|Any CPU
		{E449E277-D01D-4275-8B0B-E9C3AB12A2B7}.Debug|Any CPU.ActiveCfg = Debug|Any CPU
		{E449E277-D01D-4275-8B0B-E9C3AB12A2B7}.Debug|Any CPU.Build.0 = Debug|Any CPU
		{E449E277-D01D-4275-8B0B-E9C3AB12A2B7}.Release|Any CPU.ActiveCfg = Release|Any CPU
		{E449E277-D01D-4275-8B0B-E9C3AB12A2B7}.Release|Any CPU.Build.0 = Release|Any CPU
		{D3EA7CE2-00DB-4F78-8901-1A97BA258EF2}.Debug|Any CPU.ActiveCfg = Debug|Any CPU
		{D3EA7CE2-00DB-4F78-8901-1A97BA258EF2}.Debug|Any CPU.Build.0 = Debug|Any CPU
		{D3EA7CE2-00DB-4F78-8901-1A97BA258EF2}.Release|Any CPU.ActiveCfg = Release|Any CPU
		{D3EA7CE2-00DB-4F78-8901-1A97BA258EF2}.Release|Any CPU.Build.0 = Release|Any CPU
		{30D3C7F1-2A0D-4FF2-8DAF-8E9AB9719EFF}.Debug|Any CPU.ActiveCfg = Debug|Any CPU
		{30D3C7F1-2A0D-4FF2-8DAF-8E9AB9719EFF}.Debug|Any CPU.Build.0 = Debug|Any CPU
		{30D3C7F1-2A0D-4FF2-8DAF-8E9AB9719EFF}.Release|Any CPU.ActiveCfg = Release|Any CPU
		{30D3C7F1-2A0D-4FF2-8DAF-8E9AB9719EFF}.Release|Any CPU.Build.0 = Release|Any CPU
		{177AF0F6-7F7B-4B29-A927-96D12BED92CF}.Debug|Any CPU.ActiveCfg = Debug|Any CPU
		{177AF0F6-7F7B-4B29-A927-96D12BED92CF}.Debug|Any CPU.Build.0 = Debug|Any CPU
		{177AF0F6-7F7B-4B29-A927-96D12BED92CF}.Release|Any CPU.ActiveCfg = Release|Any CPU
		{177AF0F6-7F7B-4B29-A927-96D12BED92CF}.Release|Any CPU.Build.0 = Release|Any CPU
		{3007E736-6512-4ACF-BCAF-8DC1A710961C}.Debug|Any CPU.ActiveCfg = Debug|Any CPU
		{3007E736-6512-4ACF-BCAF-8DC1A710961C}.Debug|Any CPU.Build.0 = Debug|Any CPU
		{3007E736-6512-4ACF-BCAF-8DC1A710961C}.Release|Any CPU.ActiveCfg = Release|Any CPU
		{3007E736-6512-4ACF-BCAF-8DC1A710961C}.Release|Any CPU.Build.0 = Release|Any CPU
		{B979D3AE-32D7-46BF-B3D8-1109FCD87A91}.Debug|Any CPU.ActiveCfg = Debug|Any CPU
		{B979D3AE-32D7-46BF-B3D8-1109FCD87A91}.Debug|Any CPU.Build.0 = Debug|Any CPU
		{B979D3AE-32D7-46BF-B3D8-1109FCD87A91}.Release|Any CPU.ActiveCfg = Release|Any CPU
		{B979D3AE-32D7-46BF-B3D8-1109FCD87A91}.Release|Any CPU.Build.0 = Release|Any CPU
	EndGlobalSection
	GlobalSection(SolutionProperties) = preSolution
		HideSolutionNode = FALSE
	EndGlobalSection
	GlobalSection(NestedProjects) = preSolution
		{B963EF61-BC87-447E-A5E0-6BA9CD857DBA} = {C3F9920A-D6B7-49C6-B422-710DB902DA50}
		{C6FDEB19-7826-47C6-A272-A6F6FE50FC6E} = {C3F9920A-D6B7-49C6-B422-710DB902DA50}
		{1B7A406B-E89C-461C-93EB-C1D4366BE73D} = {C3F9920A-D6B7-49C6-B422-710DB902DA50}
		{A02A45FB-AAA1-474F-B9E0-12E1BC913E4C} = {B963EF61-BC87-447E-A5E0-6BA9CD857DBA}
		{E449E277-D01D-4275-8B0B-E9C3AB12A2B7} = {B963EF61-BC87-447E-A5E0-6BA9CD857DBA}
		{D3EA7CE2-00DB-4F78-8901-1A97BA258EF2} = {C6FDEB19-7826-47C6-A272-A6F6FE50FC6E}
		{3BB49516-F980-4C2B-BF90-F60C9124D2F7} = {1B7A406B-E89C-461C-93EB-C1D4366BE73D}
		{30D3C7F1-2A0D-4FF2-8DAF-8E9AB9719EFF} = {3BB49516-F980-4C2B-BF90-F60C9124D2F7}
		{2A08F9B2-8589-4B71-805E-FAF2916EB088} = {1B7A406B-E89C-461C-93EB-C1D4366BE73D}
		{177AF0F6-7F7B-4B29-A927-96D12BED92CF} = {2A08F9B2-8589-4B71-805E-FAF2916EB088}
		{3007E736-6512-4ACF-BCAF-8DC1A710961C} = {C6FDEB19-7826-47C6-A272-A6F6FE50FC6E}
		{B979D3AE-32D7-46BF-B3D8-1109FCD87A91} = {C6FDEB19-7826-47C6-A272-A6F6FE50FC6E}
	EndGlobalSection
	GlobalSection(ExtensibilityGlobals) = postSolution
		SolutionGuid = {A0896ECF-3A04-4AF1-80BC-9C98945DA779}
	EndGlobalSection
EndGlobal
